
Microsoft Visual Studio Solution File, Format Version 12.00
# Visual Studio Version 17
VisualStudioVersion = 17.6.33815.320
MinimumVisualStudioVersion = 10.0.40219.1
Project("{9A19103F-16F7-4668-BE54-9A1E7A4F7556}") = "AdminBlog", "AdminBlog.csproj", "{4F1A9557-6409-4E1F-BB81-B34802A7D4E3}"
EndProject
Global
	GlobalSection(SolutionConfigurationPlatforms) = preSolution
		Debug|Any CPU = Debug|Any CPU
		Release|Any CPU = Release|Any CPU
	EndGlobalSection
	GlobalSection(ProjectConfigurationPlatforms) = postSolution
		{4F1A9557-6409-4E1F-BB81-B34802A7D4E3}.Debug|Any CPU.ActiveCfg = Debug|Any CPU
		{4F1A9557-6409-4E1F-BB81-B34802A7D4E3}.Debug|Any CPU.Build.0 = Debug|Any CPU
		{4F1A9557-6409-4E1F-BB81-B34802A7D4E3}.Release|Any CPU.ActiveCfg = Release|Any CPU
		{4F1A9557-6409-4E1F-BB81-B34802A7D4E3}.Release|Any CPU.Build.0 = Release|Any CPU
	EndGlobalSection
	GlobalSection(SolutionProperties) = preSolution
		HideSolutionNode = FALSE
	EndGlobalSection
	GlobalSection(ExtensibilityGlobals) = postSolution
		SolutionGuid = {D3532DB8-B201-4E04-8BFE-67887EC1AC4F}
	EndGlobalSection
EndGlobal
