
Microsoft Visual Studio Solution File, Format Version 12.00
# Visual Studio Version 17
VisualStudioVersion = 17.6.33815.320
MinimumVisualStudioVersion = 10.0.40219.1
Project("{9A19103F-16F7-4668-BE54-9A1E7A4F7556}") = "BlogNET", "BlogNET.csproj", "{9B78B0F7-D5EA-4057-AA62-A213ACDEDCF6}"
EndProject
Global
	GlobalSection(SolutionConfigurationPlatforms) = preSolution
		Debug|Any CPU = Debug|Any CPU
		Release|Any CPU = Release|Any CPU
	EndGlobalSection
	GlobalSection(ProjectConfigurationPlatforms) = postSolution
		{9B78B0F7-D5EA-4057-AA62-A213ACDEDCF6}.Debug|Any CPU.ActiveCfg = Debug|Any CPU
		{9B78B0F7-D5EA-4057-AA62-A213ACDEDCF6}.Debug|Any CPU.Build.0 = Debug|Any CPU
		{9B78B0F7-D5EA-4057-AA62-A213ACDEDCF6}.Release|Any CPU.ActiveCfg = Release|Any CPU
		{9B78B0F7-D5EA-4057-AA62-A213ACDEDCF6}.Release|Any CPU.Build.0 = Release|Any CPU
	EndGlobalSection
	GlobalSection(SolutionProperties) = preSolution
		HideSolutionNode = FALSE
	EndGlobalSection
	GlobalSection(ExtensibilityGlobals) = postSolution
		SolutionGuid = {A6014029-2259-4AF8-9B07-50E77816DBF0}
	EndGlobalSection
EndGlobal
